
Microsoft Visual Studio Solution File, Format Version 12.00
# Visual Studio Version 16
VisualStudioVersion = 16.0.30128.74
MinimumVisualStudioVersion = 10.0.40219.1
Project("{9A19103F-16F7-4668-BE54-9A1E7A4F7556}") = "SimpleCalculator", "SimpleCalculator.csproj", "{0BC2E770-6436-4AD6-983E-9496E897EBB4}"
EndProject
Project("{FAE04EC0-301F-11D3-BF4B-00C04F79EFBC}") = "SimpleCalculator.Test.Unit", "..\SimpleCalculator.Test.Unit\SimpleCalculator.Test.Unit.csproj", "{23BCC475-8A0A-46B5-9A43-70375E966E5D}"
EndProject
Global
	GlobalSection(SolutionConfigurationPlatforms) = preSolution
		Debug|Any CPU = Debug|Any CPU
		Release|Any CPU = Release|Any CPU
	EndGlobalSection
	GlobalSection(ProjectConfigurationPlatforms) = postSolution
		{0BC2E770-6436-4AD6-983E-9496E897EBB4}.Debug|Any CPU.ActiveCfg = Debug|Any CPU
		{0BC2E770-6436-4AD6-983E-9496E897EBB4}.Debug|Any CPU.Build.0 = Debug|Any CPU
		{0BC2E770-6436-4AD6-983E-9496E897EBB4}.Release|Any CPU.ActiveCfg = Release|Any CPU
		{0BC2E770-6436-4AD6-983E-9496E897EBB4}.Release|Any CPU.Build.0 = Release|Any CPU
		{23BCC475-8A0A-46B5-9A43-70375E966E5D}.Debug|Any CPU.ActiveCfg = Debug|Any CPU
		{23BCC475-8A0A-46B5-9A43-70375E966E5D}.Debug|Any CPU.Build.0 = Debug|Any CPU
		{23BCC475-8A0A-46B5-9A43-70375E966E5D}.Release|Any CPU.ActiveCfg = Release|Any CPU
		{23BCC475-8A0A-46B5-9A43-70375E966E5D}.Release|Any CPU.Build.0 = Release|Any CPU
	EndGlobalSection
	GlobalSection(SolutionProperties) = preSolution
		HideSolutionNode = FALSE
	EndGlobalSection
	GlobalSection(ExtensibilityGlobals) = postSolution
		SolutionGuid = {0D21BE9E-0178-45CE-9C2F-93133F9C5518}
	EndGlobalSection
EndGlobal
